// !$*UTF8*$!
{
	archiveVersion = 1;
	classes = {
	};
	objectVersion = 55;
	objects = {

/* Begin PBXBuildFile section */
		6480CFEA27B6720500A56459 /* AppDelegate.swift in Sources */ = {isa = PBXBuildFile; fileRef = 6480CFE927B6720500A56459 /* AppDelegate.swift */; };
		6480CFEC27B6720500A56459 /* SceneDelegate.swift in Sources */ = {isa = PBXBuildFile; fileRef = 6480CFEB27B6720500A56459 /* SceneDelegate.swift */; };
		6480CFEE27B6720500A56459 /* ViewController.swift in Sources */ = {isa = PBXBuildFile; fileRef = 6480CFED27B6720500A56459 /* ViewController.swift */; };
		6480CFF127B6720500A56459 /* Main.storyboard in Resources */ = {isa = PBXBuildFile; fileRef = 6480CFEF27B6720500A56459 /* Main.storyboard */; };
		6480CFF327B6720700A56459 /* Assets.xcassets in Resources */ = {isa = PBXBuildFile; fileRef = 6480CFF227B6720700A56459 /* Assets.xcassets */; };
		6480CFF627B6720700A56459 /* LaunchScreen.storyboard in Resources */ = {isa = PBXBuildFile; fileRef = 6480CFF427B6720700A56459 /* LaunchScreen.storyboard */; };
		6480D00127B6720700A56459 /* babyrect_4Tests.swift in Sources */ = {isa = PBXBuildFile; fileRef = 6480D00027B6720700A56459 /* babyrect_4Tests.swift */; };
		6480D00B27B6720700A56459 /* babyrect_4UITests.swift in Sources */ = {isa = PBXBuildFile; fileRef = 6480D00A27B6720700A56459 /* babyrect_4UITests.swift */; };
		6480D00D27B6720700A56459 /* babyrect_4UITestsLaunchTests.swift in Sources */ = {isa = PBXBuildFile; fileRef = 6480D00C27B6720700A56459 /* babyrect_4UITestsLaunchTests.swift */; };
/* End PBXBuildFile section */

/* Begin PBXContainerItemProxy section */
		6480CFFD27B6720700A56459 /* PBXContainerItemProxy */ = {
			isa = PBXContainerItemProxy;
			containerPortal = 6480CFDE27B6720500A56459 /* Project object */;
			proxyType = 1;
			remoteGlobalIDString = 6480CFE527B6720500A56459;
			remoteInfo = "babyrect-4";
		};
		6480D00727B6720700A56459 /* PBXContainerItemProxy */ = {
			isa = PBXContainerItemProxy;
			containerPortal = 6480CFDE27B6720500A56459 /* Project object */;
			proxyType = 1;
			remoteGlobalIDString = 6480CFE527B6720500A56459;
			remoteInfo = "babyrect-4";
		};
/* End PBXContainerItemProxy section */

/* Begin PBXFileReference section */
		6480CFE627B6720500A56459 /* babyrect-4.app */ = {isa = PBXFileReference; explicitFileType = wrapper.application; includeInIndex = 0; path = "babyrect-4.app"; sourceTree = BUILT_PRODUCTS_DIR; };
		6480CFE927B6720500A56459 /* AppDelegate.swift */ = {isa = PBXFileReference; lastKnownFileType = sourcecode.swift; path = AppDelegate.swift; sourceTree = "<group>"; };
		6480CFEB27B6720500A56459 /* SceneDelegate.swift */ = {isa = PBXFileReference; lastKnownFileType = sourcecode.swift; path = SceneDelegate.swift; sourceTree = "<group>"; };
		6480CFED27B6720500A56459 /* ViewController.swift */ = {isa = PBXFileReference; lastKnownFileType = sourcecode.swift; path = ViewController.swift; sourceTree = "<group>"; };
		6480CFF027B6720500A56459 /* Base */ = {isa = PBXFileReference; lastKnownFileType = file.storyboard; name = Base; path = Base.lproj/Main.storyboard; sourceTree = "<group>"; };
		6480CFF227B6720700A56459 /* Assets.xcassets */ = {isa = PBXFileReference; lastKnownFileType = folder.assetcatalog; path = Assets.xcassets; sourceTree = "<group>"; };
		6480CFF527B6720700A56459 /* Base */ = {isa = PBXFileReference; lastKnownFileType = file.storyboard; name = Base; path = Base.lproj/LaunchScreen.storyboard; sourceTree = "<group>"; };
		6480CFF727B6720700A56459 /* Info.plist */ = {isa = PBXFileReference; lastKnownFileType = text.plist.xml; path = Info.plist; sourceTree = "<group>"; };
		6480CFFC27B6720700A56459 /* babyrect-4Tests.xctest */ = {isa = PBXFileReference; explicitFileType = wrapper.cfbundle; includeInIndex = 0; path = "babyrect-4Tests.xctest"; sourceTree = BUILT_PRODUCTS_DIR; };
		6480D00027B6720700A56459 /* babyrect_4Tests.swift */ = {isa = PBXFileReference; lastKnownFileType = sourcecode.swift; path = babyrect_4Tests.swift; sourceTree = "<group>"; };
		6480D00627B6720700A56459 /* babyrect-4UITests.xctest */ = {isa = PBXFileReference; explicitFileType = wrapper.cfbundle; includeInIndex = 0; path = "babyrect-4UITests.xctest"; sourceTree = BUILT_PRODUCTS_DIR; };
		6480D00A27B6720700A56459 /* babyrect_4UITests.swift */ = {isa = PBXFileReference; lastKnownFileType = sourcecode.swift; path = babyrect_4UITests.swift; sourceTree = "<group>"; };
		6480D00C27B6720700A56459 /* babyrect_4UITestsLaunchTests.swift */ = {isa = PBXFileReference; lastKnownFileType = sourcecode.swift; path = babyrect_4UITestsLaunchTests.swift; sourceTree = "<group>"; };
/* End PBXFileReference section */

/* Begin PBXFrameworksBuildPhase section */
		6480CFE327B6720500A56459 /* Frameworks */ = {
			isa = PBXFrameworksBuildPhase;
			buildActionMask = 2147483647;
			files = (
			);
			runOnlyForDeploymentPostprocessing = 0;
		};
		6480CFF927B6720700A56459 /* Frameworks */ = {
			isa = PBXFrameworksBuildPhase;
			buildActionMask = 2147483647;
			files = (
			);
			runOnlyForDeploymentPostprocessing = 0;
		};
		6480D00327B6720700A56459 /* Frameworks */ = {
			isa = PBXFrameworksBuildPhase;
			buildActionMask = 2147483647;
			files = (
			);
			runOnlyForDeploymentPostprocessing = 0;
		};
/* End PBXFrameworksBuildPhase section */

/* Begin PBXGroup section */
		6480CFDD27B6720500A56459 = {
			isa = PBXGroup;
			children = (
				6480CFE827B6720500A56459 /* babyrect-4 */,
				6480CFFF27B6720700A56459 /* babyrect-4Tests */,
				6480D00927B6720700A56459 /* babyrect-4UITests */,
				6480CFE727B6720500A56459 /* Products */,
			);
			sourceTree = "<group>";
		};
		6480CFE727B6720500A56459 /* Products */ = {
			isa = PBXGroup;
			children = (
				6480CFE627B6720500A56459 /* babyrect-4.app */,
				6480CFFC27B6720700A56459 /* babyrect-4Tests.xctest */,
				6480D00627B6720700A56459 /* babyrect-4UITests.xctest */,
			);
			name = Products;
			sourceTree = "<group>";
		};
		6480CFE827B6720500A56459 /* babyrect-4 */ = {
			isa = PBXGroup;
			children = (
				6480CFE927B6720500A56459 /* AppDelegate.swift */,
				6480CFEB27B6720500A56459 /* SceneDelegate.swift */,
				6480CFED27B6720500A56459 /* ViewController.swift */,
				6480CFEF27B6720500A56459 /* Main.storyboard */,
				6480CFF227B6720700A56459 /* Assets.xcassets */,
				6480CFF427B6720700A56459 /* LaunchScreen.storyboard */,
				6480CFF727B6720700A56459 /* Info.plist */,
			);
			path = "babyrect-4";
			sourceTree = "<group>";
		};
		6480CFFF27B6720700A56459 /* babyrect-4Tests */ = {
			isa = PBXGroup;
			children = (
				6480D00027B6720700A56459 /* babyrect_4Tests.swift */,
			);
			path = "babyrect-4Tests";
			sourceTree = "<group>";
		};
		6480D00927B6720700A56459 /* babyrect-4UITests */ = {
			isa = PBXGroup;
			children = (
				6480D00A27B6720700A56459 /* babyrect_4UITests.swift */,
				6480D00C27B6720700A56459 /* babyrect_4UITestsLaunchTests.swift */,
			);
			path = "babyrect-4UITests";
			sourceTree = "<group>";
		};
/* End PBXGroup section */

/* Begin PBXNativeTarget section */
		6480CFE527B6720500A56459 /* babyrect-4 */ = {
			isa = PBXNativeTarget;
			buildConfigurationList = 6480D01027B6720700A56459 /* Build configuration list for PBXNativeTarget "babyrect-4" */;
			buildPhases = (
				6480CFE227B6720500A56459 /* Sources */,
				6480CFE327B6720500A56459 /* Frameworks */,
				6480CFE427B6720500A56459 /* Resources */,
			);
			buildRules = (
			);
			dependencies = (
			);
			name = "babyrect-4";
			productName = "babyrect-4";
			productReference = 6480CFE627B6720500A56459 /* babyrect-4.app */;
			productType = "com.apple.product-type.application";
		};
		6480CFFB27B6720700A56459 /* babyrect-4Tests */ = {
			isa = PBXNativeTarget;
			buildConfigurationList = 6480D01327B6720700A56459 /* Build configuration list for PBXNativeTarget "babyrect-4Tests" */;
			buildPhases = (
				6480CFF827B6720700A56459 /* Sources */,
				6480CFF927B6720700A56459 /* Frameworks */,
				6480CFFA27B6720700A56459 /* Resources */,
			);
			buildRules = (
			);
			dependencies = (
				6480CFFE27B6720700A56459 /* PBXTargetDependency */,
			);
			name = "babyrect-4Tests";
			productName = "babyrect-4Tests";
			productReference = 6480CFFC27B6720700A56459 /* babyrect-4Tests.xctest */;
			productType = "com.apple.product-type.bundle.unit-test";
		};
		6480D00527B6720700A56459 /* babyrect-4UITests */ = {
			isa = PBXNativeTarget;
			buildConfigurationList = 6480D01627B6720700A56459 /* Build configuration list for PBXNativeTarget "babyrect-4UITests" */;
			buildPhases = (
				6480D00227B6720700A56459 /* Sources */,
				6480D00327B6720700A56459 /* Frameworks */,
				6480D00427B6720700A56459 /* Resources */,
			);
			buildRules = (
			);
			dependencies = (
				6480D00827B6720700A56459 /* PBXTargetDependency */,
			);
			name = "babyrect-4UITests";
			productName = "babyrect-4UITests";
			productReference = 6480D00627B6720700A56459 /* babyrect-4UITests.xctest */;
			productType = "com.apple.product-type.bundle.ui-testing";
		};
/* End PBXNativeTarget section */

/* Begin PBXProject section */
		6480CFDE27B6720500A56459 /* Project object */ = {
			isa = PBXProject;
			attributes = {
				BuildIndependentTargetsInParallel = 1;
				LastSwiftUpdateCheck = 1320;
				LastUpgradeCheck = 1320;
				TargetAttributes = {
					6480CFE527B6720500A56459 = {
						CreatedOnToolsVersion = 13.2.1;
					};
					6480CFFB27B6720700A56459 = {
						CreatedOnToolsVersion = 13.2.1;
						TestTargetID = 6480CFE527B6720500A56459;
					};
					6480D00527B6720700A56459 = {
						CreatedOnToolsVersion = 13.2.1;
						TestTargetID = 6480CFE527B6720500A56459;
					};
				};
			};
			buildConfigurationList = 6480CFE127B6720500A56459 /* Build configuration list for PBXProject "babyrect-4" */;
			compatibilityVersion = "Xcode 13.0";
			developmentRegion = en;
			hasScannedForEncodings = 0;
			knownRegions = (
				en,
				Base,
			);
			mainGroup = 6480CFDD27B6720500A56459;
			productRefGroup = 6480CFE727B6720500A56459 /* Products */;
			projectDirPath = "";
			projectRoot = "";
			targets = (
				6480CFE527B6720500A56459 /* babyrect-4 */,
				6480CFFB27B6720700A56459 /* babyrect-4Tests */,
				6480D00527B6720700A56459 /* babyrect-4UITests */,
			);
		};
/* End PBXProject section */

/* Begin PBXResourcesBuildPhase section */
		6480CFE427B6720500A56459 /* Resources */ = {
			isa = PBXResourcesBuildPhase;
			buildActionMask = 2147483647;
			files = (
				6480CFF627B6720700A56459 /* LaunchScreen.storyboard in Resources */,
				6480CFF327B6720700A56459 /* Assets.xcassets in Resources */,
				6480CFF127B6720500A56459 /* Main.storyboard in Resources */,
			);
			runOnlyForDeploymentPostprocessing = 0;
		};
		6480CFFA27B6720700A56459 /* Resources */ = {
			isa = PBXResourcesBuildPhase;
			buildActionMask = 2147483647;
			files = (
			);
			runOnlyForDeploymentPostprocessing = 0;
		};
		6480D00427B6720700A56459 /* Resources */ = {
			isa = PBXResourcesBuildPhase;
			buildActionMask = 2147483647;
			files = (
			);
			runOnlyForDeploymentPostprocessing = 0;
		};
/* End PBXResourcesBuildPhase section */

/* Begin PBXSourcesBuildPhase section */
		6480CFE227B6720500A56459 /* Sources */ = {
			isa = PBXSourcesBuildPhase;
			buildActionMask = 2147483647;
			files = (
				6480CFEE27B6720500A56459 /* ViewController.swift in Sources */,
				6480CFEA27B6720500A56459 /* AppDelegate.swift in Sources */,
				6480CFEC27B6720500A56459 /* SceneDelegate.swift in Sources */,
			);
			runOnlyForDeploymentPostprocessing = 0;
		};
		6480CFF827B6720700A56459 /* Sources */ = {
			isa = PBXSourcesBuildPhase;
			buildActionMask = 2147483647;
			files = (
				6480D00127B6720700A56459 /* babyrect_4Tests.swift in Sources */,
			);
			runOnlyForDeploymentPostprocessing = 0;
		};
		6480D00227B6720700A56459 /* Sources */ = {
			isa = PBXSourcesBuildPhase;
			buildActionMask = 2147483647;
			files = (
				6480D00B27B6720700A56459 /* babyrect_4UITests.swift in Sources */,
				6480D00D27B6720700A56459 /* babyrect_4UITestsLaunchTests.swift in Sources */,
			);
			runOnlyForDeploymentPostprocessing = 0;
		};
/* End PBXSourcesBuildPhase section */

/* Begin PBXTargetDependency section */
		6480CFFE27B6720700A56459 /* PBXTargetDependency */ = {
			isa = PBXTargetDependency;
			target = 6480CFE527B6720500A56459 /* babyrect-4 */;
			targetProxy = 6480CFFD27B6720700A56459 /* PBXContainerItemProxy */;
		};
		6480D00827B6720700A56459 /* PBXTargetDependency */ = {
			isa = PBXTargetDependency;
			target = 6480CFE527B6720500A56459 /* babyrect-4 */;
			targetProxy = 6480D00727B6720700A56459 /* PBXContainerItemProxy */;
		};
/* End PBXTargetDependency section */

/* Begin PBXVariantGroup section */
		6480CFEF27B6720500A56459 /* Main.storyboard */ = {
			isa = PBXVariantGroup;
			children = (
				6480CFF027B6720500A56459 /* Base */,
			);
			name = Main.storyboard;
			sourceTree = "<group>";
		};
		6480CFF427B6720700A56459 /* LaunchScreen.storyboard */ = {
			isa = PBXVariantGroup;
			children = (
				6480CFF527B6720700A56459 /* Base */,
			);
			name = LaunchScreen.storyboard;
			sourceTree = "<group>";
		};
/* End PBXVariantGroup section */

/* Begin XCBuildConfiguration section */
		6480D00E27B6720700A56459 /* Debug */ = {
			isa = XCBuildConfiguration;
			buildSettings = {
				ALWAYS_SEARCH_USER_PATHS = NO;
				CLANG_ANALYZER_NONNULL = YES;
				CLANG_ANALYZER_NUMBER_OBJECT_CONVERSION = YES_AGGRESSIVE;
				CLANG_CXX_LANGUAGE_STANDARD = "gnu++17";
				CLANG_CXX_LIBRARY = "libc++";
				CLANG_ENABLE_MODULES = YES;
				CLANG_ENABLE_OBJC_ARC = YES;
				CLANG_ENABLE_OBJC_WEAK = YES;
				CLANG_WARN_BLOCK_CAPTURE_AUTORELEASING = YES;
				CLANG_WARN_BOOL_CONVERSION = YES;
				CLANG_WARN_COMMA = YES;
				CLANG_WARN_CONSTANT_CONVERSION = YES;
				CLANG_WARN_DEPRECATED_OBJC_IMPLEMENTATIONS = YES;
				CLANG_WARN_DIRECT_OBJC_ISA_USAGE = YES_ERROR;
				CLANG_WARN_DOCUMENTATION_COMMENTS = YES;
				CLANG_WARN_EMPTY_BODY = YES;
				CLANG_WARN_ENUM_CONVERSION = YES;
				CLANG_WARN_INFINITE_RECURSION = YES;
				CLANG_WARN_INT_CONVERSION = YES;
				CLANG_WARN_NON_LITERAL_NULL_CONVERSION = YES;
				CLANG_WARN_OBJC_IMPLICIT_RETAIN_SELF = YES;
				CLANG_WARN_OBJC_LITERAL_CONVERSION = YES;
				CLANG_WARN_OBJC_ROOT_CLASS = YES_ERROR;
				CLANG_WARN_QUOTED_INCLUDE_IN_FRAMEWORK_HEADER = YES;
				CLANG_WARN_RANGE_LOOP_ANALYSIS = YES;
				CLANG_WARN_STRICT_PROTOTYPES = YES;
				CLANG_WARN_SUSPICIOUS_MOVE = YES;
				CLANG_WARN_UNGUARDED_AVAILABILITY = YES_AGGRESSIVE;
				CLANG_WARN_UNREACHABLE_CODE = YES;
				CLANG_WARN__DUPLICATE_METHOD_MATCH = YES;
				COPY_PHASE_STRIP = NO;
				DEBUG_INFORMATION_FORMAT = dwarf;
				ENABLE_STRICT_OBJC_MSGSEND = YES;
				ENABLE_TESTABILITY = YES;
				GCC_C_LANGUAGE_STANDARD = gnu11;
				GCC_DYNAMIC_NO_PIC = NO;
				GCC_NO_COMMON_BLOCKS = YES;
				GCC_OPTIMIZATION_LEVEL = 0;
				GCC_PREPROCESSOR_DEFINITIONS = (
					"DEBUG=1",
					"$(inherited)",
				);
				GCC_WARN_64_TO_32_BIT_CONVERSION = YES;
				GCC_WARN_ABOUT_RETURN_TYPE = YES_ERROR;
				GCC_WARN_UNDECLARED_SELECTOR = YES;
				GCC_WARN_UNINITIALIZED_AUTOS = YES_AGGRESSIVE;
				GCC_WARN_UNUSED_FUNCTION = YES;
				GCC_WARN_UNUSED_VARIABLE = YES;
				IPHONEOS_DEPLOYMENT_TARGET = 15.2;
				MTL_ENABLE_DEBUG_INFO = INCLUDE_SOURCE;
				MTL_FAST_MATH = YES;
				ONLY_ACTIVE_ARCH = YES;
				SDKROOT = iphoneos;
				SWIFT_ACTIVE_COMPILATION_CONDITIONS = DEBUG;
				SWIFT_OPTIMIZATION_LEVEL = "-Onone";
			};
			name = Debug;
		};
		6480D00F27B6720700A56459 /* Release */ = {
			isa = XCBuildConfiguration;
			buildSettings = {
				ALWAYS_SEARCH_USER_PATHS = NO;
				CLANG_ANALYZER_NONNULL = YES;
				CLANG_ANALYZER_NUMBER_OBJECT_CONVERSION = YES_AGGRESSIVE;
				CLANG_CXX_LANGUAGE_STANDARD = "gnu++17";
				CLANG_CXX_LIBRARY = "libc++";
				CLANG_ENABLE_MODULES = YES;
				CLANG_ENABLE_OBJC_ARC = YES;
				CLANG_ENABLE_OBJC_WEAK = YES;
				CLANG_WARN_BLOCK_CAPTURE_AUTORELEASING = YES;
				CLANG_WARN_BOOL_CONVERSION = YES;
				CLANG_WARN_COMMA = YES;
				CLANG_WARN_CONSTANT_CONVERSION = YES;
				CLANG_WARN_DEPRECATED_OBJC_IMPLEMENTATIONS = YES;
				CLANG_WARN_DIRECT_OBJC_ISA_USAGE = YES_ERROR;
				CLANG_WARN_DOCUMENTATION_COMMENTS = YES;
				CLANG_WARN_EMPTY_BODY = YES;
				CLANG_WARN_ENUM_CONVERSION = YES;
				CLANG_WARN_INFINITE_RECURSION = YES;
				CLANG_WARN_INT_CONVERSION = YES;
				CLANG_WARN_NON_LITERAL_NULL_CONVERSION = YES;
				CLANG_WARN_OBJC_IMPLICIT_RETAIN_SELF = YES;
				CLANG_WARN_OBJC_LITERAL_CONVERSION = YES;
				CLANG_WARN_OBJC_ROOT_CLASS = YES_ERROR;
				CLANG_WARN_QUOTED_INCLUDE_IN_FRAMEWORK_HEADER = YES;
				CLANG_WARN_RANGE_LOOP_ANALYSIS = YES;
				CLANG_WARN_STRICT_PROTOTYPES = YES;
				CLANG_WARN_SUSPICIOUS_MOVE = YES;
				CLANG_WARN_UNGUARDED_AVAILABILITY = YES_AGGRESSIVE;
				CLANG_WARN_UNREACHABLE_CODE = YES;
				CLANG_WARN__DUPLICATE_METHOD_MATCH = YES;
				COPY_PHASE_STRIP = NO;
				DEBUG_INFORMATION_FORMAT = "dwarf-with-dsym";
				ENABLE_NS_ASSERTIONS = NO;
				ENABLE_STRICT_OBJC_MSGSEND = YES;
				GCC_C_LANGUAGE_STANDARD = gnu11;
				GCC_NO_COMMON_BLOCKS = YES;
				GCC_WARN_64_TO_32_BIT_CONVERSION = YES;
				GCC_WARN_ABOUT_RETURN_TYPE = YES_ERROR;
				GCC_WARN_UNDECLARED_SELECTOR = YES;
				GCC_WARN_UNINITIALIZED_AUTOS = YES_AGGRESSIVE;
				GCC_WARN_UNUSED_FUNCTION = YES;
				GCC_WARN_UNUSED_VARIABLE = YES;
				IPHONEOS_DEPLOYMENT_TARGET = 15.2;
				MTL_ENABLE_DEBUG_INFO = NO;
				MTL_FAST_MATH = YES;
				SDKROOT = iphoneos;
				SWIFT_COMPILATION_MODE = wholemodule;
				SWIFT_OPTIMIZATION_LEVEL = "-O";
				VALIDATE_PRODUCT = YES;
			};
			name = Release;
		};
		6480D01127B6720700A56459 /* Debug */ = {
			isa = XCBuildConfiguration;
			buildSettings = {
				ASSETCATALOG_COMPILER_APPICON_NAME = AppIcon;
				ASSETCATALOG_COMPILER_GLOBAL_ACCENT_COLOR_NAME = AccentColor;
				CODE_SIGN_STYLE = Automatic;
				CURRENT_PROJECT_VERSION = 1;
				DEVELOPMENT_TEAM = 88798U6G2S;
				GENERATE_INFOPLIST_FILE = YES;
				INFOPLIST_FILE = "babyrect-4/Info.plist";
				INFOPLIST_KEY_UIApplicationSupportsIndirectInputEvents = YES;
				INFOPLIST_KEY_UILaunchStoryboardName = LaunchScreen;
				INFOPLIST_KEY_UIMainStoryboardFile = Main;
				INFOPLIST_KEY_UISupportedInterfaceOrientations_iPad = "UIInterfaceOrientationPortrait UIInterfaceOrientationPortraitUpsideDown UIInterfaceOrientationLandscapeLeft UIInterfaceOrientationLandscapeRight";
				INFOPLIST_KEY_UISupportedInterfaceOrientations_iPhone = "UIInterfaceOrientationPortrait UIInterfaceOrientationLandscapeLeft UIInterfaceOrientationLandscapeRight";
				LD_RUNPATH_SEARCH_PATHS = (
					"$(inherited)",
					"@executable_path/Frameworks",
				);
				MARKETING_VERSION = 1.0;
				PRODUCT_BUNDLE_IDENTIFIER = "jeanwei.com.babyrect-4";
				PRODUCT_NAME = "$(TARGET_NAME)";
				SWIFT_EMIT_LOC_STRINGS = YES;
				SWIFT_VERSION = 5.0;
				TARGETED_DEVICE_FAMILY = "1,2";
			};
			name = Debug;
		};
		6480D01227B6720700A56459 /* Release */ = {
			isa = XCBuildConfiguration;
			buildSettings = {
				ASSETCATALOG_COMPILER_APPICON_NAME = AppIcon;
				ASSETCATALOG_COMPILER_GLOBAL_ACCENT_COLOR_NAME = AccentColor;
				CODE_SIGN_STYLE = Automatic;
				CURRENT_PROJECT_VERSION = 1;
				DEVELOPMENT_TEAM = 88798U6G2S;
				GENERATE_INFOPLIST_FILE = YES;
				INFOPLIST_FILE = "babyrect-4/Info.plist";
				INFOPLIST_KEY_UIApplicationSupportsIndirectInputEvents = YES;
				INFOPLIST_KEY_UILaunchStoryboardName = LaunchScreen;
				INFOPLIST_KEY_UIMainStoryboardFile = Main;
				INFOPLIST_KEY_UISupportedInterfaceOrientations_iPad = "UIInterfaceOrientationPortrait UIInterfaceOrientationPortraitUpsideDown UIInterfaceOrientationLandscapeLeft UIInterfaceOrientationLandscapeRight";
				INFOPLIST_KEY_UISupportedInterfaceOrientations_iPhone = "UIInterfaceOrientationPortrait UIInterfaceOrientationLandscapeLeft UIInterfaceOrientationLandscapeRight";
				LD_RUNPATH_SEARCH_PATHS = (
					"$(inherited)",
					"@executable_path/Frameworks",
				);
				MARKETING_VERSION = 1.0;
				PRODUCT_BUNDLE_IDENTIFIER = "jeanwei.com.babyrect-4";
				PRODUCT_NAME = "$(TARGET_NAME)";
				SWIFT_EMIT_LOC_STRINGS = YES;
				SWIFT_VERSION = 5.0;
				TARGETED_DEVICE_FAMILY = "1,2";
			};
			name = Release;
		};
		6480D01427B6720700A56459 /* Debug */ = {
			isa = XCBuildConfiguration;
			buildSettings = {
				ALWAYS_EMBED_SWIFT_STANDARD_LIBRARIES = YES;
				BUNDLE_LOADER = "$(TEST_HOST)";
				CODE_SIGN_STYLE = Automatic;
				CURRENT_PROJECT_VERSION = 1;
				DEVELOPMENT_TEAM = 88798U6G2S;
				GENERATE_INFOPLIST_FILE = YES;
				IPHONEOS_DEPLOYMENT_TARGET = 15.2;
				MARKETING_VERSION = 1.0;
				PRODUCT_BUNDLE_IDENTIFIER = "jeanwei.com.babyrect-4Tests";
				PRODUCT_NAME = "$(TARGET_NAME)";
				SWIFT_EMIT_LOC_STRINGS = NO;
				SWIFT_VERSION = 5.0;
				TARGETED_DEVICE_FAMILY = "1,2";
				TEST_HOST = "$(BUILT_PRODUCTS_DIR)/babyrect-4.app/babyrect-4";
			};
			name = Debug;
		};
		6480D01527B6720700A56459 /* Release */ = {
			isa = XCBuildConfiguration;
			buildSettings = {
				ALWAYS_EMBED_SWIFT_STANDARD_LIBRARIES = YES;
				BUNDLE_LOADER = "$(TEST_HOST)";
				CODE_SIGN_STYLE = Automatic;
				CURRENT_PROJECT_VERSION = 1;
				DEVELOPMENT_TEAM = 88798U6G2S;
				GENERATE_INFOPLIST_FILE = YES;
				IPHONEOS_DEPLOYMENT_TARGET = 15.2;
				MARKETING_VERSION = 1.0;
				PRODUCT_BUNDLE_IDENTIFIER = "jeanwei.com.babyrect-4Tests";
				PRODUCT_NAME = "$(TARGET_NAME)";
				SWIFT_EMIT_LOC_STRINGS = NO;
				SWIFT_VERSION = 5.0;
				TARGETED_DEVICE_FAMILY = "1,2";
				TEST_HOST = "$(BUILT_PRODUCTS_DIR)/babyrect-4.app/babyrect-4";
			};
			name = Release;
		};
		6480D01727B6720700A56459 /* Debug */ = {
			isa = XCBuildConfiguration;
			buildSettings = {
				ALWAYS_EMBED_SWIFT_STANDARD_LIBRARIES = YES;
				CODE_SIGN_STYLE = Automatic;
				CURRENT_PROJECT_VERSION = 1;
				DEVELOPMENT_TEAM = 88798U6G2S;
				GENERATE_INFOPLIST_FILE = YES;
				MARKETING_VERSION = 1.0;
				PRODUCT_BUNDLE_IDENTIFIER = "jeanwei.com.babyrect-4UITests";
				PRODUCT_NAME = "$(TARGET_NAME)";
				SWIFT_EMIT_LOC_STRINGS = NO;
				SWIFT_VERSION = 5.0;
				TARGETED_DEVICE_FAMILY = "1,2";
				TEST_TARGET_NAME = "babyrect-4";
			};
			name = Debug;
		};
		6480D01827B6720700A56459 /* Release */ = {
			isa = XCBuildConfiguration;
			buildSettings = {
				ALWAYS_EMBED_SWIFT_STANDARD_LIBRARIES = YES;
				CODE_SIGN_STYLE = Automatic;
				CURRENT_PROJECT_VERSION = 1;
				DEVELOPMENT_TEAM = 88798U6G2S;
				GENERATE_INFOPLIST_FILE = YES;
				MARKETING_VERSION = 1.0;
				PRODUCT_BUNDLE_IDENTIFIER = "jeanwei.com.babyrect-4UITests";
				PRODUCT_NAME = "$(TARGET_NAME)";
				SWIFT_EMIT_LOC_STRINGS = NO;
				SWIFT_VERSION = 5.0;
				TARGETED_DEVICE_FAMILY = "1,2";
				TEST_TARGET_NAME = "babyrect-4";
			};
			name = Release;
		};
/* End XCBuildConfiguration section */

/* Begin XCConfigurationList section */
		6480CFE127B6720500A56459 /* Build configuration list for PBXProject "babyrect-4" */ = {
			isa = XCConfigurationList;
			buildConfigurations = (
				6480D00E27B6720700A56459 /* Debug */,
				6480D00F27B6720700A56459 /* Release */,
			);
			defaultConfigurationIsVisible = 0;
			defaultConfigurationName = Release;
		};
		6480D01027B6720700A56459 /* Build configuration list for PBXNativeTarget "babyrect-4" */ = {
			isa = XCConfigurationList;
			buildConfigurations = (
				6480D01127B6720700A56459 /* Debug */,
				6480D01227B6720700A56459 /* Release */,
			);
			defaultConfigurationIsVisible = 0;
			defaultConfigurationName = Release;
		};
		6480D01327B6720700A56459 /* Build configuration list for PBXNativeTarget "babyrect-4Tests" */ = {
			isa = XCConfigurationList;
			buildConfigurations = (
				6480D01427B6720700A56459 /* Debug */,
				6480D01527B6720700A56459 /* Release */,
			);
			defaultConfigurationIsVisible = 0;
			defaultConfigurationName = Release;
		};
		6480D01627B6720700A56459 /* Build configuration list for PBXNativeTarget "babyrect-4UITests" */ = {
			isa = XCConfigurationList;
			buildConfigurations = (
				6480D01727B6720700A56459 /* Debug */,
				6480D01827B6720700A56459 /* Release */,
			);
			defaultConfigurationIsVisible = 0;
			defaultConfigurationName = Release;
		};
/* End XCConfigurationList section */
	};
	rootObject = 6480CFDE27B6720500A56459 /* Project object */;
}
